
Microsoft Visual Studio Solution File, Format Version 12.00
# Visual Studio Version 16
VisualStudioVersion = 16.0.30907.101
MinimumVisualStudioVersion = 10.0.40219.1
Project("{2150E333-8FDC-42A3-9474-1A3956D46DE8}") = "Modules", "Modules", "{D4C8F668-518B-42BF-B43C-C92C5B5DAEA6}"
EndProject
Project("{2150E333-8FDC-42A3-9474-1A3956D46DE8}") = "Tests", "Tests", "{13911DD6-EB85-4A9C-843E-9AB1C2ADD863}"
EndProject
Project("{9A19103F-16F7-4668-BE54-9A1E7A4F7556}") = "Api", "Api\Api.csproj", "{BD02D27D-C5BB-447D-8E15-0C5C9F73C0F0}"
EndProject
Project("{9A19103F-16F7-4668-BE54-9A1E7A4F7556}") = "Queue", "Queue\Queue.csproj", "{00253775-BF14-4ED6-90EC-3547F37489E6}"
EndProject
Project("{9A19103F-16F7-4668-BE54-9A1E7A4F7556}") = "Authentication", "Authentication\Authentication.csproj", "{849ACD15-4EA4-45EC-A799-145F3C72ECB2}"
EndProject
Project("{9A19103F-16F7-4668-BE54-9A1E7A4F7556}") = "Core", "Core\Core.csproj", "{2D649369-4D44-4309-B3E6-4368C6FEAB18}"
EndProject
Project("{9A19103F-16F7-4668-BE54-9A1E7A4F7556}") = "Authentication.Tests", "Authentication.Tests\Authentication.Tests.csproj", "{DB863E8D-9F24-41C7-9850-E4254F730D3D}"
EndProject
Project("{9A19103F-16F7-4668-BE54-9A1E7A4F7556}") = "Core.Tests", "Core.Tests\Core.Tests.csproj", "{FD1A4E92-8E27-42EE-8A07-185D291BAC37}"
EndProject
Global
	GlobalSection(SolutionConfigurationPlatforms) = preSolution
		Debug|Any CPU = Debug|Any CPU
		Release|Any CPU = Release|Any CPU
	EndGlobalSection
	GlobalSection(ProjectConfigurationPlatforms) = postSolution
		{BD02D27D-C5BB-447D-8E15-0C5C9F73C0F0}.Debug|Any CPU.ActiveCfg = Debug|Any CPU
		{BD02D27D-C5BB-447D-8E15-0C5C9F73C0F0}.Debug|Any CPU.Build.0 = Debug|Any CPU
		{BD02D27D-C5BB-447D-8E15-0C5C9F73C0F0}.Release|Any CPU.ActiveCfg = Release|Any CPU
		{BD02D27D-C5BB-447D-8E15-0C5C9F73C0F0}.Release|Any CPU.Build.0 = Release|Any CPU
		{00253775-BF14-4ED6-90EC-3547F37489E6}.Debug|Any CPU.ActiveCfg = Debug|Any CPU
		{00253775-BF14-4ED6-90EC-3547F37489E6}.Debug|Any CPU.Build.0 = Debug|Any CPU
		{00253775-BF14-4ED6-90EC-3547F37489E6}.Release|Any CPU.ActiveCfg = Release|Any CPU
		{00253775-BF14-4ED6-90EC-3547F37489E6}.Release|Any CPU.Build.0 = Release|Any CPU
		{849ACD15-4EA4-45EC-A799-145F3C72ECB2}.Debug|Any CPU.ActiveCfg = Debug|Any CPU
		{849ACD15-4EA4-45EC-A799-145F3C72ECB2}.Debug|Any CPU.Build.0 = Debug|Any CPU
		{849ACD15-4EA4-45EC-A799-145F3C72ECB2}.Release|Any CPU.ActiveCfg = Release|Any CPU
		{849ACD15-4EA4-45EC-A799-145F3C72ECB2}.Release|Any CPU.Build.0 = Release|Any CPU
		{2D649369-4D44-4309-B3E6-4368C6FEAB18}.Debug|Any CPU.ActiveCfg = Debug|Any CPU
		{2D649369-4D44-4309-B3E6-4368C6FEAB18}.Debug|Any CPU.Build.0 = Debug|Any CPU
		{2D649369-4D44-4309-B3E6-4368C6FEAB18}.Release|Any CPU.ActiveCfg = Release|Any CPU
		{2D649369-4D44-4309-B3E6-4368C6FEAB18}.Release|Any CPU.Build.0 = Release|Any CPU
		{DB863E8D-9F24-41C7-9850-E4254F730D3D}.Debug|Any CPU.ActiveCfg = Debug|Any CPU
		{DB863E8D-9F24-41C7-9850-E4254F730D3D}.Debug|Any CPU.Build.0 = Debug|Any CPU
		{DB863E8D-9F24-41C7-9850-E4254F730D3D}.Release|Any CPU.ActiveCfg = Release|Any CPU
		{DB863E8D-9F24-41C7-9850-E4254F730D3D}.Release|Any CPU.Build.0 = Release|Any CPU
		{FD1A4E92-8E27-42EE-8A07-185D291BAC37}.Debug|Any CPU.ActiveCfg = Debug|Any CPU
		{FD1A4E92-8E27-42EE-8A07-185D291BAC37}.Debug|Any CPU.Build.0 = Debug|Any CPU
		{FD1A4E92-8E27-42EE-8A07-185D291BAC37}.Release|Any CPU.ActiveCfg = Release|Any CPU
		{FD1A4E92-8E27-42EE-8A07-185D291BAC37}.Release|Any CPU.Build.0 = Release|Any CPU
	EndGlobalSection
	GlobalSection(SolutionProperties) = preSolution
		HideSolutionNode = FALSE
	EndGlobalSection
	GlobalSection(NestedProjects) = preSolution
		{849ACD15-4EA4-45EC-A799-145F3C72ECB2} = {D4C8F668-518B-42BF-B43C-C92C5B5DAEA6}
		{2D649369-4D44-4309-B3E6-4368C6FEAB18} = {D4C8F668-518B-42BF-B43C-C92C5B5DAEA6}
		{DB863E8D-9F24-41C7-9850-E4254F730D3D} = {13911DD6-EB85-4A9C-843E-9AB1C2ADD863}
		{FD1A4E92-8E27-42EE-8A07-185D291BAC37} = {13911DD6-EB85-4A9C-843E-9AB1C2ADD863}
	EndGlobalSection
	GlobalSection(ExtensibilityGlobals) = postSolution
		SolutionGuid = {A58EA9D5-5C74-454B-B257-DCC738AFAD42}
	EndGlobalSection
EndGlobal
